
Microsoft Visual Studio Solution File, Format Version 12.00
# Visual Studio 15
VisualStudioVersion = 15.0.26730.12
MinimumVisualStudioVersion = 10.0.40219.1
Project("{FAE04EC0-301F-11D3-BF4B-00C04F79EFBC}") = "WebApi", "WebApi\WebApi.csproj", "{D491AB55-DFC0-403C-BC93-FA5A7135E57B}"
EndProject
Project("{FAE04EC0-301F-11D3-BF4B-00C04F79EFBC}") = "Lightpoint.Task.DAL", "Lightpoint.Task.DAL\Lightpoint.Task.DAL.csproj", "{713BC822-71D6-4627-9086-3F4A7CC09833}"
EndProject
Global
	GlobalSection(SolutionConfigurationPlatforms) = preSolution
		Debug|Any CPU = Debug|Any CPU
		Release|Any CPU = Release|Any CPU
	EndGlobalSection
	GlobalSection(ProjectConfigurationPlatforms) = postSolution
		{D491AB55-DFC0-403C-BC93-FA5A7135E57B}.Debug|Any CPU.ActiveCfg = Debug|Any CPU
		{D491AB55-DFC0-403C-BC93-FA5A7135E57B}.Debug|Any CPU.Build.0 = Debug|Any CPU
		{D491AB55-DFC0-403C-BC93-FA5A7135E57B}.Release|Any CPU.ActiveCfg = Release|Any CPU
		{D491AB55-DFC0-403C-BC93-FA5A7135E57B}.Release|Any CPU.Build.0 = Release|Any CPU
		{713BC822-71D6-4627-9086-3F4A7CC09833}.Debug|Any CPU.ActiveCfg = Debug|Any CPU
		{713BC822-71D6-4627-9086-3F4A7CC09833}.Debug|Any CPU.Build.0 = Debug|Any CPU
		{713BC822-71D6-4627-9086-3F4A7CC09833}.Release|Any CPU.ActiveCfg = Release|Any CPU
		{713BC822-71D6-4627-9086-3F4A7CC09833}.Release|Any CPU.Build.0 = Release|Any CPU
	EndGlobalSection
	GlobalSection(SolutionProperties) = preSolution
		HideSolutionNode = FALSE
	EndGlobalSection
	GlobalSection(ExtensibilityGlobals) = postSolution
		SolutionGuid = {7976964F-F535-4C2F-BCA1-916D042B169D}
	EndGlobalSection
EndGlobal
